
Microsoft Visual Studio Solution File, Format Version 12.00
# Visual Studio Version 17
VisualStudioVersion = 17.7.34221.43
MinimumVisualStudioVersion = 10.0.40219.1
Project("{FAE04EC0-301F-11D3-BF4B-00C04F79EFBC}") = "WebAutomationSuite", "WebAutomationSuite.csproj", "{EA6E761A-3D58-4835-9CA8-CFC203B7F68F}"
EndProject
Global
	GlobalSection(SolutionConfigurationPlatforms) = preSolution
		Debug|Any CPU = Debug|Any CPU
		Release|Any CPU = Release|Any CPU
	EndGlobalSection
	GlobalSection(ProjectConfigurationPlatforms) = postSolution
		{EA6E761A-3D58-4835-9CA8-CFC203B7F68F}.Debug|Any CPU.ActiveCfg = Debug|Any CPU
		{EA6E761A-3D58-4835-9CA8-CFC203B7F68F}.Debug|Any CPU.Build.0 = Debug|Any CPU
		{EA6E761A-3D58-4835-9CA8-CFC203B7F68F}.Release|Any CPU.ActiveCfg = Release|Any CPU
		{EA6E761A-3D58-4835-9CA8-CFC203B7F68F}.Release|Any CPU.Build.0 = Release|Any CPU
	EndGlobalSection
	GlobalSection(SolutionProperties) = preSolution
		HideSolutionNode = FALSE
	EndGlobalSection
	GlobalSection(ExtensibilityGlobals) = postSolution
		SolutionGuid = {AD47EDB1-E20B-4404-A51F-78E32AF12EC7}
	EndGlobalSection
EndGlobal
